
Microsoft Visual Studio Solution File, Format Version 12.00
# Visual Studio Version 16
VisualStudioVersion = 16.0.33801.447
MinimumVisualStudioVersion = 10.0.40219.1
Project("{FAE04EC0-301F-11D3-BF4B-00C04F79EFBC}") = "EpiserverTraining", "EpiserverTraining.csproj", "{24D8859E-549B-422E-87DF-3B51385C0F4F}"
EndProject
Global
	GlobalSection(SolutionConfigurationPlatforms) = preSolution
		Debug|Any CPU = Debug|Any CPU
		Release|Any CPU = Release|Any CPU
	EndGlobalSection
	GlobalSection(ProjectConfigurationPlatforms) = postSolution
		{24D8859E-549B-422E-87DF-3B51385C0F4F}.Debug|Any CPU.ActiveCfg = Debug|Any CPU
		{24D8859E-549B-422E-87DF-3B51385C0F4F}.Debug|Any CPU.Build.0 = Debug|Any CPU
		{24D8859E-549B-422E-87DF-3B51385C0F4F}.Release|Any CPU.ActiveCfg = Release|Any CPU
		{24D8859E-549B-422E-87DF-3B51385C0F4F}.Release|Any CPU.Build.0 = Release|Any CPU
	EndGlobalSection
	GlobalSection(SolutionProperties) = preSolution
		HideSolutionNode = FALSE
	EndGlobalSection
	GlobalSection(ExtensibilityGlobals) = postSolution
		SolutionGuid = {87F24935-DE98-406A-A936-21FC7C801D9D}
	EndGlobalSection
EndGlobal
